
Microsoft Visual Studio Solution File, Format Version 12.00
# Visual Studio Version 16
VisualStudioVersion = 16.0.32002.261
MinimumVisualStudioVersion = 10.0.40219.1
Project("{FAE04EC0-301F-11D3-BF4B-00C04F79EFBC}") = "DataLayer", "DataLayer\DataLayer.csproj", "{3EAF7647-DDBC-4351-B230-A3DD49DD851B}"
EndProject
Project("{FAE04EC0-301F-11D3-BF4B-00C04F79EFBC}") = "BussinessLayer", "BussinessLayer\BussinessLayer.csproj", "{9CE9ACE1-9A61-4F4B-A8F8-104A4E6B2F60}"
EndProject
Project("{FAE04EC0-301F-11D3-BF4B-00C04F79EFBC}") = "STOCK", "STOCK\STOCK.csproj", "{DE561B45-6F78-47C5-B96C-8D5FEA64DBA8}"
EndProject
Global
	GlobalSection(SolutionConfigurationPlatforms) = preSolution
		Debug|Any CPU = Debug|Any CPU
		Debug|x86 = Debug|x86
		Release|Any CPU = Release|Any CPU
		Release|x86 = Release|x86
	EndGlobalSection
	GlobalSection(ProjectConfigurationPlatforms) = postSolution
		{3EAF7647-DDBC-4351-B230-A3DD49DD851B}.Debug|Any CPU.ActiveCfg = Debug|Any CPU
		{3EAF7647-DDBC-4351-B230-A3DD49DD851B}.Debug|Any CPU.Build.0 = Debug|Any CPU
		{3EAF7647-DDBC-4351-B230-A3DD49DD851B}.Debug|x86.ActiveCfg = Debug|Any CPU
		{3EAF7647-DDBC-4351-B230-A3DD49DD851B}.Debug|x86.Build.0 = Debug|Any CPU
		{3EAF7647-DDBC-4351-B230-A3DD49DD851B}.Release|Any CPU.ActiveCfg = Release|Any CPU
		{3EAF7647-DDBC-4351-B230-A3DD49DD851B}.Release|Any CPU.Build.0 = Release|Any CPU
		{3EAF7647-DDBC-4351-B230-A3DD49DD851B}.Release|x86.ActiveCfg = Release|Any CPU
		{3EAF7647-DDBC-4351-B230-A3DD49DD851B}.Release|x86.Build.0 = Release|Any CPU
		{9CE9ACE1-9A61-4F4B-A8F8-104A4E6B2F60}.Debug|Any CPU.ActiveCfg = Debug|Any CPU
		{9CE9ACE1-9A61-4F4B-A8F8-104A4E6B2F60}.Debug|Any CPU.Build.0 = Debug|Any CPU
		{9CE9ACE1-9A61-4F4B-A8F8-104A4E6B2F60}.Debug|x86.ActiveCfg = Debug|Any CPU
		{9CE9ACE1-9A61-4F4B-A8F8-104A4E6B2F60}.Debug|x86.Build.0 = Debug|Any CPU
		{9CE9ACE1-9A61-4F4B-A8F8-104A4E6B2F60}.Release|Any CPU.ActiveCfg = Release|Any CPU
		{9CE9ACE1-9A61-4F4B-A8F8-104A4E6B2F60}.Release|Any CPU.Build.0 = Release|Any CPU
		{9CE9ACE1-9A61-4F4B-A8F8-104A4E6B2F60}.Release|x86.ActiveCfg = Release|Any CPU
		{9CE9ACE1-9A61-4F4B-A8F8-104A4E6B2F60}.Release|x86.Build.0 = Release|Any CPU
		{DE561B45-6F78-47C5-B96C-8D5FEA64DBA8}.Debug|Any CPU.ActiveCfg = Debug|Any CPU
		{DE561B45-6F78-47C5-B96C-8D5FEA64DBA8}.Debug|Any CPU.Build.0 = Debug|Any CPU
		{DE561B45-6F78-47C5-B96C-8D5FEA64DBA8}.Debug|x86.ActiveCfg = Debug|Any CPU
		{DE561B45-6F78-47C5-B96C-8D5FEA64DBA8}.Release|Any CPU.ActiveCfg = Release|Any CPU
		{DE561B45-6F78-47C5-B96C-8D5FEA64DBA8}.Release|Any CPU.Build.0 = Release|Any CPU
		{DE561B45-6F78-47C5-B96C-8D5FEA64DBA8}.Release|x86.ActiveCfg = Release|Any CPU
	EndGlobalSection
	GlobalSection(SolutionProperties) = preSolution
		HideSolutionNode = FALSE
	EndGlobalSection
	GlobalSection(ExtensibilityGlobals) = postSolution
		SolutionGuid = {8C6FA285-59C9-4EE6-B4C5-8A3AA169FA42}
	EndGlobalSection
EndGlobal
